
Microsoft Visual Studio Solution File, Format Version 11.00
# Visual Studio 2010
Project("{FAE04EC0-301F-11D3-BF4B-00C04F79EFBC}") = "Medusa.MacOS", "Medusa\Source\Medusa-MacOS\Medusa.MacOS.csproj", "{D8500454-CE92-4430-841D-C15E809C6A35}"
EndProject
Project("{FAE04EC0-301F-11D3-BF4B-00C04F79EFBC}") = "Hoax.Engine", "Hoax.Engine\Hoax.Engine.csproj", "{A1110616-0B67-4E2D-9F35-E7A788C1CC6B}"
EndProject
Project("{FAE04EC0-301F-11D3-BF4B-00C04F79EFBC}") = "Medusa.Core", "Medusa\Source\Medusa-Core\Medusa.Core.csproj", "{46EF16D1-2E64-4720-933F-2105F3A7159C}"
EndProject
Project("{FAE04EC0-301F-11D3-BF4B-00C04F79EFBC}") = "Medusa-Linux", "Medusa\Source\Medusa-Linux\Medusa-Linux.csproj", "{57F95A23-6DA3-44E8-BFB9-4FF4F2019FF7}"
EndProject
Project("{FAE04EC0-301F-11D3-BF4B-00C04F79EFBC}") = "Playground.Hoax.SceneGraph", "Playground\SceneGraph\Playground.Hoax.SceneGraph.csproj", "{D8721508-5C66-4D07-A684-CCBA9AD87DD0}"
EndProject
Project("{FAE04EC0-301F-11D3-BF4B-00C04F79EFBC}") = "Playground.Hoax.GamePadAndKeyboard", "Playground\GamePadAndKeyboard\Playground.Hoax.GamePadAndKeyboard.csproj", "{6E91D8FC-987F-45EF-BC8A-999CE91B1554}"
EndProject
Project("{FAE04EC0-301F-11D3-BF4B-00C04F79EFBC}") = "Playground.Hoax.GreedyDemo", "Playground\GreedyDemo\Playground.Hoax.GreedyDemo.csproj", "{8AFF9E2A-3214-43B1-BECE-3145D0AA68E4}"
EndProject
Project("{FAE04EC0-301F-11D3-BF4B-00C04F79EFBC}") = "CaptainCash.Core", "CaptainCash\Source\CaptainCash.Core\CaptainCash.Core.csproj", "{DA13083D-2CF2-497B-8AA9-339177A1FCF2}"
EndProject
Project("{FAE04EC0-301F-11D3-BF4B-00C04F79EFBC}") = "CaptainCash.MacOS", "CaptainCash\Source\CaptainCash.MacOS\CaptainCash.MacOS.csproj", "{B47AF9C0-28C4-452A-BE3D-86E13A469C0E}"
EndProject
Project("{FAE04EC0-301F-11D3-BF4B-00C04F79EFBC}") = "Playground.Hoax.JSON", "Playground\Playground.Hoax.JSON\Playground.Hoax.JSON.csproj", "{C7CFEC80-93E3-41CC-B672-D4936A56D894}"
EndProject
Project("{FAE04EC0-301F-11D3-BF4B-00C04F79EFBC}") = "Medusa2", "Medusa2\Medusa2.csproj", "{6DFE532D-1F6D-4477-97E8-A1AF41B49E92}"
EndProject
Project("{FAE04EC0-301F-11D3-BF4B-00C04F79EFBC}") = "ContentLoader", "Playground\ContentLoader\ContentLoader.csproj", "{3E093D77-9ACE-482E-B5EB-9FBF0E959FB5}"
EndProject
Global
	GlobalSection(SolutionConfigurationPlatforms) = preSolution
		Debug|Any CPU = Debug|Any CPU
		Release|Any CPU = Release|Any CPU
		AppStore|Any CPU = AppStore|Any CPU
	EndGlobalSection
	GlobalSection(ProjectConfigurationPlatforms) = postSolution
		{3E093D77-9ACE-482E-B5EB-9FBF0E959FB5}.AppStore|Any CPU.ActiveCfg = Release|Any CPU
		{3E093D77-9ACE-482E-B5EB-9FBF0E959FB5}.AppStore|Any CPU.Build.0 = Release|Any CPU
		{3E093D77-9ACE-482E-B5EB-9FBF0E959FB5}.Debug|Any CPU.ActiveCfg = Debug|Any CPU
		{3E093D77-9ACE-482E-B5EB-9FBF0E959FB5}.Debug|Any CPU.Build.0 = Debug|Any CPU
		{3E093D77-9ACE-482E-B5EB-9FBF0E959FB5}.Release|Any CPU.ActiveCfg = Release|Any CPU
		{3E093D77-9ACE-482E-B5EB-9FBF0E959FB5}.Release|Any CPU.Build.0 = Release|Any CPU
		{46EF16D1-2E64-4720-933F-2105F3A7159C}.AppStore|Any CPU.ActiveCfg = Release|Any CPU
		{46EF16D1-2E64-4720-933F-2105F3A7159C}.AppStore|Any CPU.Build.0 = Release|Any CPU
		{46EF16D1-2E64-4720-933F-2105F3A7159C}.Debug|Any CPU.ActiveCfg = Debug|Any CPU
		{46EF16D1-2E64-4720-933F-2105F3A7159C}.Debug|Any CPU.Build.0 = Debug|Any CPU
		{46EF16D1-2E64-4720-933F-2105F3A7159C}.Release|Any CPU.ActiveCfg = Release|Any CPU
		{46EF16D1-2E64-4720-933F-2105F3A7159C}.Release|Any CPU.Build.0 = Release|Any CPU
		{57F95A23-6DA3-44E8-BFB9-4FF4F2019FF7}.AppStore|Any CPU.ActiveCfg = Release|Any CPU
		{57F95A23-6DA3-44E8-BFB9-4FF4F2019FF7}.AppStore|Any CPU.Build.0 = Release|Any CPU
		{57F95A23-6DA3-44E8-BFB9-4FF4F2019FF7}.Debug|Any CPU.ActiveCfg = Debug|Any CPU
		{57F95A23-6DA3-44E8-BFB9-4FF4F2019FF7}.Debug|Any CPU.Build.0 = Debug|Any CPU
		{57F95A23-6DA3-44E8-BFB9-4FF4F2019FF7}.Release|Any CPU.ActiveCfg = Release|Any CPU
		{57F95A23-6DA3-44E8-BFB9-4FF4F2019FF7}.Release|Any CPU.Build.0 = Release|Any CPU
		{6DFE532D-1F6D-4477-97E8-A1AF41B49E92}.AppStore|Any CPU.ActiveCfg = AppStore|Any CPU
		{6DFE532D-1F6D-4477-97E8-A1AF41B49E92}.AppStore|Any CPU.Build.0 = AppStore|Any CPU
		{6DFE532D-1F6D-4477-97E8-A1AF41B49E92}.Debug|Any CPU.ActiveCfg = Debug|Any CPU
		{6DFE532D-1F6D-4477-97E8-A1AF41B49E92}.Debug|Any CPU.Build.0 = Debug|Any CPU
		{6DFE532D-1F6D-4477-97E8-A1AF41B49E92}.Release|Any CPU.ActiveCfg = Release|Any CPU
		{6DFE532D-1F6D-4477-97E8-A1AF41B49E92}.Release|Any CPU.Build.0 = Release|Any CPU
		{6E91D8FC-987F-45EF-BC8A-999CE91B1554}.AppStore|Any CPU.ActiveCfg = AppStore|Any CPU
		{6E91D8FC-987F-45EF-BC8A-999CE91B1554}.AppStore|Any CPU.Build.0 = AppStore|Any CPU
		{6E91D8FC-987F-45EF-BC8A-999CE91B1554}.Debug|Any CPU.ActiveCfg = Debug|Any CPU
		{6E91D8FC-987F-45EF-BC8A-999CE91B1554}.Debug|Any CPU.Build.0 = Debug|Any CPU
		{6E91D8FC-987F-45EF-BC8A-999CE91B1554}.Release|Any CPU.ActiveCfg = Release|Any CPU
		{6E91D8FC-987F-45EF-BC8A-999CE91B1554}.Release|Any CPU.Build.0 = Release|Any CPU
		{8AFF9E2A-3214-43B1-BECE-3145D0AA68E4}.AppStore|Any CPU.ActiveCfg = Release|Any CPU
		{8AFF9E2A-3214-43B1-BECE-3145D0AA68E4}.AppStore|Any CPU.Build.0 = Release|Any CPU
		{8AFF9E2A-3214-43B1-BECE-3145D0AA68E4}.Debug|Any CPU.ActiveCfg = Debug|Any CPU
		{8AFF9E2A-3214-43B1-BECE-3145D0AA68E4}.Debug|Any CPU.Build.0 = Debug|Any CPU
		{8AFF9E2A-3214-43B1-BECE-3145D0AA68E4}.Release|Any CPU.ActiveCfg = Release|Any CPU
		{8AFF9E2A-3214-43B1-BECE-3145D0AA68E4}.Release|Any CPU.Build.0 = Release|Any CPU
		{A1110616-0B67-4E2D-9F35-E7A788C1CC6B}.AppStore|Any CPU.ActiveCfg = Release|Any CPU
		{A1110616-0B67-4E2D-9F35-E7A788C1CC6B}.AppStore|Any CPU.Build.0 = Release|Any CPU
		{A1110616-0B67-4E2D-9F35-E7A788C1CC6B}.Debug|Any CPU.ActiveCfg = Debug|Any CPU
		{A1110616-0B67-4E2D-9F35-E7A788C1CC6B}.Debug|Any CPU.Build.0 = Debug|Any CPU
		{A1110616-0B67-4E2D-9F35-E7A788C1CC6B}.Release|Any CPU.ActiveCfg = Release|Any CPU
		{A1110616-0B67-4E2D-9F35-E7A788C1CC6B}.Release|Any CPU.Build.0 = Release|Any CPU
		{B47AF9C0-28C4-452A-BE3D-86E13A469C0E}.AppStore|Any CPU.ActiveCfg = AppStore|Any CPU
		{B47AF9C0-28C4-452A-BE3D-86E13A469C0E}.AppStore|Any CPU.Build.0 = AppStore|Any CPU
		{B47AF9C0-28C4-452A-BE3D-86E13A469C0E}.Debug|Any CPU.ActiveCfg = Debug|Any CPU
		{B47AF9C0-28C4-452A-BE3D-86E13A469C0E}.Debug|Any CPU.Build.0 = Debug|Any CPU
		{B47AF9C0-28C4-452A-BE3D-86E13A469C0E}.Release|Any CPU.ActiveCfg = Release|Any CPU
		{B47AF9C0-28C4-452A-BE3D-86E13A469C0E}.Release|Any CPU.Build.0 = Release|Any CPU
		{C7CFEC80-93E3-41CC-B672-D4936A56D894}.AppStore|Any CPU.ActiveCfg = Release|Any CPU
		{C7CFEC80-93E3-41CC-B672-D4936A56D894}.AppStore|Any CPU.Build.0 = Release|Any CPU
		{C7CFEC80-93E3-41CC-B672-D4936A56D894}.Debug|Any CPU.ActiveCfg = Debug|Any CPU
		{C7CFEC80-93E3-41CC-B672-D4936A56D894}.Debug|Any CPU.Build.0 = Debug|Any CPU
		{C7CFEC80-93E3-41CC-B672-D4936A56D894}.Release|Any CPU.ActiveCfg = Release|Any CPU
		{C7CFEC80-93E3-41CC-B672-D4936A56D894}.Release|Any CPU.Build.0 = Release|Any CPU
		{D8500454-CE92-4430-841D-C15E809C6A35}.AppStore|Any CPU.ActiveCfg = AppStore|Any CPU
		{D8500454-CE92-4430-841D-C15E809C6A35}.AppStore|Any CPU.Build.0 = AppStore|Any CPU
		{D8500454-CE92-4430-841D-C15E809C6A35}.Debug|Any CPU.ActiveCfg = Debug|Any CPU
		{D8500454-CE92-4430-841D-C15E809C6A35}.Debug|Any CPU.Build.0 = Debug|Any CPU
		{D8500454-CE92-4430-841D-C15E809C6A35}.Release|Any CPU.ActiveCfg = Release|Any CPU
		{D8500454-CE92-4430-841D-C15E809C6A35}.Release|Any CPU.Build.0 = Release|Any CPU
		{D8721508-5C66-4D07-A684-CCBA9AD87DD0}.AppStore|Any CPU.ActiveCfg = AppStore|Any CPU
		{D8721508-5C66-4D07-A684-CCBA9AD87DD0}.AppStore|Any CPU.Build.0 = AppStore|Any CPU
		{D8721508-5C66-4D07-A684-CCBA9AD87DD0}.Debug|Any CPU.ActiveCfg = Debug|Any CPU
		{D8721508-5C66-4D07-A684-CCBA9AD87DD0}.Debug|Any CPU.Build.0 = Debug|Any CPU
		{D8721508-5C66-4D07-A684-CCBA9AD87DD0}.Release|Any CPU.ActiveCfg = Release|Any CPU
		{D8721508-5C66-4D07-A684-CCBA9AD87DD0}.Release|Any CPU.Build.0 = Release|Any CPU
		{DA13083D-2CF2-497B-8AA9-339177A1FCF2}.AppStore|Any CPU.ActiveCfg = Release|Any CPU
		{DA13083D-2CF2-497B-8AA9-339177A1FCF2}.AppStore|Any CPU.Build.0 = Release|Any CPU
		{DA13083D-2CF2-497B-8AA9-339177A1FCF2}.Debug|Any CPU.ActiveCfg = Debug|Any CPU
		{DA13083D-2CF2-497B-8AA9-339177A1FCF2}.Debug|Any CPU.Build.0 = Debug|Any CPU
		{DA13083D-2CF2-497B-8AA9-339177A1FCF2}.Release|Any CPU.ActiveCfg = Release|Any CPU
		{DA13083D-2CF2-497B-8AA9-339177A1FCF2}.Release|Any CPU.Build.0 = Release|Any CPU
	EndGlobalSection
	GlobalSection(MonoDevelopProperties) = preSolution
		StartupItem = Medusa2\Medusa2.csproj
	EndGlobalSection
EndGlobal
